
Microsoft Visual Studio Solution File, Format Version 12.00
# Visual Studio Version 16
VisualStudioVersion = 16.0.30503.244
MinimumVisualStudioVersion = 10.0.40219.1
Project("{FC65038C-1B2F-41E1-A629-BED71D161FFF}") = "AAXDataEntityPerfTest (USR) [AAXDataEntityPerfTest]", "AAXDataEntityPerfTest\AAXDataEntityPerfTest.rnrproj", "{7739B07E-49DE-4511-BF3D-8305EDD077DD}"
EndProject
Project("{FAE04EC0-301F-11D3-BF4B-00C04F79EFBC}") = "ConsoleApp1", "ConsoleApp1\ConsoleApp1.csproj", "{DF00CD9B-9D2F-44A3-AA21-9574F3530F93}"
EndProject
Project("{FAE04EC0-301F-11D3-BF4B-00C04F79EFBC}") = "AuthenticationUtility", "AuthenticationUtility\AuthenticationUtility.csproj", "{195ED9B3-92AD-417E-B20A-6438DD0E0B55}"
EndProject
Project("{FAE04EC0-301F-11D3-BF4B-00C04F79EFBC}") = "Part3", "Part3\Part3.csproj", "{E80CF1A3-DEDB-437C-ACA1-3229D0230828}"
EndProject
Project("{FAE04EC0-301F-11D3-BF4B-00C04F79EFBC}") = "ODataUtility", "ODataUtility\ODataUtility.csproj", "{EEFBE063-9EE6-473C-8B9D-00033E07719F}"
EndProject
Project("{FAE04EC0-301F-11D3-BF4B-00C04F79EFBC}") = "ODataTesting", "ODataTesting\ODataTesting.csproj", "{CFB19C87-7B33-4765-8530-9618160A0D42}"
EndProject
Global
	GlobalSection(SolutionConfigurationPlatforms) = preSolution
		Debug|Any CPU = Debug|Any CPU
		Release|Any CPU = Release|Any CPU
	EndGlobalSection
	GlobalSection(ProjectConfigurationPlatforms) = postSolution
		{7739B07E-49DE-4511-BF3D-8305EDD077DD}.Debug|Any CPU.ActiveCfg = Debug|Any CPU
		{7739B07E-49DE-4511-BF3D-8305EDD077DD}.Debug|Any CPU.Build.0 = Debug|Any CPU
		{7739B07E-49DE-4511-BF3D-8305EDD077DD}.Release|Any CPU.ActiveCfg = Debug|Any CPU
		{7739B07E-49DE-4511-BF3D-8305EDD077DD}.Release|Any CPU.Build.0 = Debug|Any CPU
		{DF00CD9B-9D2F-44A3-AA21-9574F3530F93}.Debug|Any CPU.ActiveCfg = Debug|Any CPU
		{DF00CD9B-9D2F-44A3-AA21-9574F3530F93}.Debug|Any CPU.Build.0 = Debug|Any CPU
		{DF00CD9B-9D2F-44A3-AA21-9574F3530F93}.Release|Any CPU.ActiveCfg = Release|Any CPU
		{DF00CD9B-9D2F-44A3-AA21-9574F3530F93}.Release|Any CPU.Build.0 = Release|Any CPU
		{195ED9B3-92AD-417E-B20A-6438DD0E0B55}.Debug|Any CPU.ActiveCfg = Debug|Any CPU
		{195ED9B3-92AD-417E-B20A-6438DD0E0B55}.Debug|Any CPU.Build.0 = Debug|Any CPU
		{195ED9B3-92AD-417E-B20A-6438DD0E0B55}.Release|Any CPU.ActiveCfg = Release|Any CPU
		{195ED9B3-92AD-417E-B20A-6438DD0E0B55}.Release|Any CPU.Build.0 = Release|Any CPU
		{E80CF1A3-DEDB-437C-ACA1-3229D0230828}.Debug|Any CPU.ActiveCfg = Debug|Any CPU
		{E80CF1A3-DEDB-437C-ACA1-3229D0230828}.Debug|Any CPU.Build.0 = Debug|Any CPU
		{E80CF1A3-DEDB-437C-ACA1-3229D0230828}.Release|Any CPU.ActiveCfg = Release|Any CPU
		{E80CF1A3-DEDB-437C-ACA1-3229D0230828}.Release|Any CPU.Build.0 = Release|Any CPU
		{EEFBE063-9EE6-473C-8B9D-00033E07719F}.Debug|Any CPU.ActiveCfg = Debug|Any CPU
		{EEFBE063-9EE6-473C-8B9D-00033E07719F}.Debug|Any CPU.Build.0 = Debug|Any CPU
		{EEFBE063-9EE6-473C-8B9D-00033E07719F}.Release|Any CPU.ActiveCfg = Release|Any CPU
		{EEFBE063-9EE6-473C-8B9D-00033E07719F}.Release|Any CPU.Build.0 = Release|Any CPU
		{CFB19C87-7B33-4765-8530-9618160A0D42}.Debug|Any CPU.ActiveCfg = Debug|Any CPU
		{CFB19C87-7B33-4765-8530-9618160A0D42}.Debug|Any CPU.Build.0 = Debug|Any CPU
		{CFB19C87-7B33-4765-8530-9618160A0D42}.Release|Any CPU.ActiveCfg = Release|Any CPU
		{CFB19C87-7B33-4765-8530-9618160A0D42}.Release|Any CPU.Build.0 = Release|Any CPU
	EndGlobalSection
	GlobalSection(SolutionProperties) = preSolution
		HideSolutionNode = FALSE
	EndGlobalSection
	GlobalSection(ExtensibilityGlobals) = postSolution
		SolutionGuid = {6FB14201-319F-4564-B5A7-9A76FA5987F3}
	EndGlobalSection
EndGlobal
