
Microsoft Visual Studio Solution File, Format Version 12.00
# Visual Studio 15
VisualStudioVersion = 15.0.28307.1231
MinimumVisualStudioVersion = 10.0.40219.1
Project("{FC65038C-1B2F-41E1-A629-BED71D161FFF}") = "AAXDataEntityPerfTest (USR) [AAXDataEntityPerfTest]", "AAXDataEntityPerfTest\AAXDataEntityPerfTest.rnrproj", "{7739B07E-49DE-4511-BF3D-8305EDD077DD}"
EndProject
Project("{FAE04EC0-301F-11D3-BF4B-00C04F79EFBC}") = "ConsoleApp1", "ConsoleApp1\ConsoleApp1.csproj", "{DF00CD9B-9D2F-44A3-AA21-9574F3530F93}"
EndProject
Project("{FAE04EC0-301F-11D3-BF4B-00C04F79EFBC}") = "AuthenticationUtility", "AuthenticationUtility\AuthenticationUtility.csproj", "{195ED9B3-92AD-417E-B20A-6438DD0E0B55}"
EndProject
Project("{FAE04EC0-301F-11D3-BF4B-00C04F79EFBC}") = "Part3", "Part3\Part3.csproj", "{E80CF1A3-DEDB-437C-ACA1-3229D0230828}"
EndProject
Project("{FAE04EC0-301F-11D3-BF4B-00C04F79EFBC}") = "ODataUtility", "ODataUtility\ODataUtility.csproj", "{EEFBE063-9EE6-473C-8B9D-00033E07719F}"
EndProject
Project("{FAE04EC0-301F-11D3-BF4B-00C04F79EFBC}") = "ODataTesting", "ODataTesting\ODataTesting.csproj", "{CFB19C87-7B33-4765-8530-9618160A0D42}"
EndProject
Project("{FAE04EC0-301F-11D3-BF4B-00C04F79EFBC}") = "Part4", "Part4\Part4.csproj", "{5D5B9F4A-790C-4C2C-AD14-62527C025503}"
EndProject
Project("{FAE04EC0-301F-11D3-BF4B-00C04F79EFBC}") = "Part5", "Part5\Part5.csproj", "{F47C0EF9-9C56-4E51-A13A-28B3EB535578}"
EndProject
Project("{FAE04EC0-301F-11D3-BF4B-00C04F79EFBC}") = "Part6", "Part6\Part6.csproj", "{63032E00-6A07-467B-AAD0-C3B844C67C9A}"
EndProject
Project("{FAE04EC0-301F-11D3-BF4B-00C04F79EFBC}") = "Part7", "Part7\Part7.csproj", "{F8CAA7B7-86E8-4704-B828-D3641EE9E7C0}"
EndProject
Project("{FAE04EC0-301F-11D3-BF4B-00C04F79EFBC}") = "Part8", "Part8\Part8.csproj", "{D5DA35F2-DD40-4D48-8955-253B9610CFB4}"
EndProject
Project("{FAE04EC0-301F-11D3-BF4B-00C04F79EFBC}") = "PartX", "PartX\PartX.csproj", "{C094904C-6649-4DDC-A2BB-0DB635795CCB}"
EndProject
Project("{FAE04EC0-301F-11D3-BF4B-00C04F79EFBC}") = "Part9", "Part9\Part9.csproj", "{5E217722-9859-4FF1-8196-899A0981B9CF}"
EndProject
Project("{FAE04EC0-301F-11D3-BF4B-00C04F79EFBC}") = "Part10", "Part10\Part10.csproj", "{7EC32B2C-4573-4F68-BDBE-3635F0BA8198}"
EndProject
Project("{FAE04EC0-301F-11D3-BF4B-00C04F79EFBC}") = "Part11", "Part11\Part11.csproj", "{333EDB97-8834-4F9B-B508-A5BDE415B188}"
EndProject
Project("{FAE04EC0-301F-11D3-BF4B-00C04F79EFBC}") = "Part12", "Part12\Part12.csproj", "{2BE16BD2-F6DC-47F5-AE95-2CD72F685672}"
EndProject
Project("{FAE04EC0-301F-11D3-BF4B-00C04F79EFBC}") = "Part13", "Part13\Part13.csproj", "{3F31BB39-C067-4412-A07B-EECCA9D438AB}"
EndProject
Project("{FAE04EC0-301F-11D3-BF4B-00C04F79EFBC}") = "Part14", "Part14\Part14.csproj", "{5C27AFDD-14D8-4918-9E2E-24DB333923C1}"
EndProject
Project("{FAE04EC0-301F-11D3-BF4B-00C04F79EFBC}") = "Part15", "Part15\Part15.csproj", "{43488236-8119-4C40-A0C1-DE07BA43E1FF}"
EndProject
Project("{FAE04EC0-301F-11D3-BF4B-00C04F79EFBC}") = "ODataThrottlingSim", "ODataThrottlingSim\ODataThrottlingSim.csproj", "{8FE652FF-D17E-4007-9CA3-AA08623A3B21}"
EndProject
Project("{FAE04EC0-301F-11D3-BF4B-00C04F79EFBC}") = "Part17", "Part16\Part17.csproj", "{629C3D46-92CD-46BE-90BD-63C2714D3E72}"
EndProject
Project("{FC65038C-1B2F-41E1-A629-BED71D161FFF}") = "SynthesizeTestingData (USR) [AAXDataEntityPerfTest]", "SynthesizeTestingData\SynthesizeTestingData.rnrproj", "{76D6AA0E-081E-4F06-BA08-F9CAC2C4CEF9}"
EndProject
Project("{2150E333-8FDC-42A3-9474-1A3956D46DE8}") = "Solution Items", "Solution Items", "{08D8EE09-600E-4317-A92E-CC232A773AA6}"
	ProjectSection(SolutionItems) = preProject
		Excel\Data Entity Method Execution.xlsx = Excel\Data Entity Method Execution.xlsx
	EndProjectSection
EndProject
Global
	GlobalSection(SolutionConfigurationPlatforms) = preSolution
		Debug|Any CPU = Debug|Any CPU
		Release|Any CPU = Release|Any CPU
	EndGlobalSection
	GlobalSection(ProjectConfigurationPlatforms) = postSolution
		{7739B07E-49DE-4511-BF3D-8305EDD077DD}.Debug|Any CPU.ActiveCfg = Debug|Any CPU
		{7739B07E-49DE-4511-BF3D-8305EDD077DD}.Debug|Any CPU.Build.0 = Debug|Any CPU
		{7739B07E-49DE-4511-BF3D-8305EDD077DD}.Release|Any CPU.ActiveCfg = Debug|Any CPU
		{7739B07E-49DE-4511-BF3D-8305EDD077DD}.Release|Any CPU.Build.0 = Debug|Any CPU
		{DF00CD9B-9D2F-44A3-AA21-9574F3530F93}.Debug|Any CPU.ActiveCfg = Debug|Any CPU
		{DF00CD9B-9D2F-44A3-AA21-9574F3530F93}.Debug|Any CPU.Build.0 = Debug|Any CPU
		{DF00CD9B-9D2F-44A3-AA21-9574F3530F93}.Release|Any CPU.ActiveCfg = Release|Any CPU
		{DF00CD9B-9D2F-44A3-AA21-9574F3530F93}.Release|Any CPU.Build.0 = Release|Any CPU
		{195ED9B3-92AD-417E-B20A-6438DD0E0B55}.Debug|Any CPU.ActiveCfg = Debug|Any CPU
		{195ED9B3-92AD-417E-B20A-6438DD0E0B55}.Debug|Any CPU.Build.0 = Debug|Any CPU
		{195ED9B3-92AD-417E-B20A-6438DD0E0B55}.Release|Any CPU.ActiveCfg = Release|Any CPU
		{195ED9B3-92AD-417E-B20A-6438DD0E0B55}.Release|Any CPU.Build.0 = Release|Any CPU
		{E80CF1A3-DEDB-437C-ACA1-3229D0230828}.Debug|Any CPU.ActiveCfg = Debug|Any CPU
		{E80CF1A3-DEDB-437C-ACA1-3229D0230828}.Debug|Any CPU.Build.0 = Debug|Any CPU
		{E80CF1A3-DEDB-437C-ACA1-3229D0230828}.Release|Any CPU.ActiveCfg = Release|Any CPU
		{E80CF1A3-DEDB-437C-ACA1-3229D0230828}.Release|Any CPU.Build.0 = Release|Any CPU
		{EEFBE063-9EE6-473C-8B9D-00033E07719F}.Debug|Any CPU.ActiveCfg = Debug|Any CPU
		{EEFBE063-9EE6-473C-8B9D-00033E07719F}.Debug|Any CPU.Build.0 = Debug|Any CPU
		{EEFBE063-9EE6-473C-8B9D-00033E07719F}.Release|Any CPU.ActiveCfg = Release|Any CPU
		{EEFBE063-9EE6-473C-8B9D-00033E07719F}.Release|Any CPU.Build.0 = Release|Any CPU
		{CFB19C87-7B33-4765-8530-9618160A0D42}.Debug|Any CPU.ActiveCfg = Debug|Any CPU
		{CFB19C87-7B33-4765-8530-9618160A0D42}.Debug|Any CPU.Build.0 = Debug|Any CPU
		{CFB19C87-7B33-4765-8530-9618160A0D42}.Release|Any CPU.ActiveCfg = Release|Any CPU
		{CFB19C87-7B33-4765-8530-9618160A0D42}.Release|Any CPU.Build.0 = Release|Any CPU
		{5D5B9F4A-790C-4C2C-AD14-62527C025503}.Debug|Any CPU.ActiveCfg = Debug|Any CPU
		{5D5B9F4A-790C-4C2C-AD14-62527C025503}.Debug|Any CPU.Build.0 = Debug|Any CPU
		{5D5B9F4A-790C-4C2C-AD14-62527C025503}.Release|Any CPU.ActiveCfg = Release|Any CPU
		{5D5B9F4A-790C-4C2C-AD14-62527C025503}.Release|Any CPU.Build.0 = Release|Any CPU
		{F47C0EF9-9C56-4E51-A13A-28B3EB535578}.Debug|Any CPU.ActiveCfg = Debug|Any CPU
		{F47C0EF9-9C56-4E51-A13A-28B3EB535578}.Debug|Any CPU.Build.0 = Debug|Any CPU
		{F47C0EF9-9C56-4E51-A13A-28B3EB535578}.Release|Any CPU.ActiveCfg = Release|Any CPU
		{F47C0EF9-9C56-4E51-A13A-28B3EB535578}.Release|Any CPU.Build.0 = Release|Any CPU
		{63032E00-6A07-467B-AAD0-C3B844C67C9A}.Debug|Any CPU.ActiveCfg = Debug|Any CPU
		{63032E00-6A07-467B-AAD0-C3B844C67C9A}.Debug|Any CPU.Build.0 = Debug|Any CPU
		{63032E00-6A07-467B-AAD0-C3B844C67C9A}.Release|Any CPU.ActiveCfg = Release|Any CPU
		{63032E00-6A07-467B-AAD0-C3B844C67C9A}.Release|Any CPU.Build.0 = Release|Any CPU
		{F8CAA7B7-86E8-4704-B828-D3641EE9E7C0}.Debug|Any CPU.ActiveCfg = Debug|Any CPU
		{F8CAA7B7-86E8-4704-B828-D3641EE9E7C0}.Debug|Any CPU.Build.0 = Debug|Any CPU
		{F8CAA7B7-86E8-4704-B828-D3641EE9E7C0}.Release|Any CPU.ActiveCfg = Release|Any CPU
		{F8CAA7B7-86E8-4704-B828-D3641EE9E7C0}.Release|Any CPU.Build.0 = Release|Any CPU
		{D5DA35F2-DD40-4D48-8955-253B9610CFB4}.Debug|Any CPU.ActiveCfg = Debug|Any CPU
		{D5DA35F2-DD40-4D48-8955-253B9610CFB4}.Debug|Any CPU.Build.0 = Debug|Any CPU
		{D5DA35F2-DD40-4D48-8955-253B9610CFB4}.Release|Any CPU.ActiveCfg = Release|Any CPU
		{D5DA35F2-DD40-4D48-8955-253B9610CFB4}.Release|Any CPU.Build.0 = Release|Any CPU
		{C094904C-6649-4DDC-A2BB-0DB635795CCB}.Debug|Any CPU.ActiveCfg = Debug|Any CPU
		{C094904C-6649-4DDC-A2BB-0DB635795CCB}.Debug|Any CPU.Build.0 = Debug|Any CPU
		{C094904C-6649-4DDC-A2BB-0DB635795CCB}.Release|Any CPU.ActiveCfg = Release|Any CPU
		{C094904C-6649-4DDC-A2BB-0DB635795CCB}.Release|Any CPU.Build.0 = Release|Any CPU
		{5E217722-9859-4FF1-8196-899A0981B9CF}.Debug|Any CPU.ActiveCfg = Debug|Any CPU
		{5E217722-9859-4FF1-8196-899A0981B9CF}.Debug|Any CPU.Build.0 = Debug|Any CPU
		{5E217722-9859-4FF1-8196-899A0981B9CF}.Release|Any CPU.ActiveCfg = Release|Any CPU
		{5E217722-9859-4FF1-8196-899A0981B9CF}.Release|Any CPU.Build.0 = Release|Any CPU
		{7EC32B2C-4573-4F68-BDBE-3635F0BA8198}.Debug|Any CPU.ActiveCfg = Debug|Any CPU
		{7EC32B2C-4573-4F68-BDBE-3635F0BA8198}.Debug|Any CPU.Build.0 = Debug|Any CPU
		{7EC32B2C-4573-4F68-BDBE-3635F0BA8198}.Release|Any CPU.ActiveCfg = Release|Any CPU
		{7EC32B2C-4573-4F68-BDBE-3635F0BA8198}.Release|Any CPU.Build.0 = Release|Any CPU
		{333EDB97-8834-4F9B-B508-A5BDE415B188}.Debug|Any CPU.ActiveCfg = Debug|Any CPU
		{333EDB97-8834-4F9B-B508-A5BDE415B188}.Debug|Any CPU.Build.0 = Debug|Any CPU
		{333EDB97-8834-4F9B-B508-A5BDE415B188}.Release|Any CPU.ActiveCfg = Release|Any CPU
		{333EDB97-8834-4F9B-B508-A5BDE415B188}.Release|Any CPU.Build.0 = Release|Any CPU
		{2BE16BD2-F6DC-47F5-AE95-2CD72F685672}.Debug|Any CPU.ActiveCfg = Debug|Any CPU
		{2BE16BD2-F6DC-47F5-AE95-2CD72F685672}.Debug|Any CPU.Build.0 = Debug|Any CPU
		{2BE16BD2-F6DC-47F5-AE95-2CD72F685672}.Release|Any CPU.ActiveCfg = Release|Any CPU
		{2BE16BD2-F6DC-47F5-AE95-2CD72F685672}.Release|Any CPU.Build.0 = Release|Any CPU
		{3F31BB39-C067-4412-A07B-EECCA9D438AB}.Debug|Any CPU.ActiveCfg = Debug|Any CPU
		{3F31BB39-C067-4412-A07B-EECCA9D438AB}.Debug|Any CPU.Build.0 = Debug|Any CPU
		{3F31BB39-C067-4412-A07B-EECCA9D438AB}.Release|Any CPU.ActiveCfg = Release|Any CPU
		{3F31BB39-C067-4412-A07B-EECCA9D438AB}.Release|Any CPU.Build.0 = Release|Any CPU
		{5C27AFDD-14D8-4918-9E2E-24DB333923C1}.Debug|Any CPU.ActiveCfg = Debug|Any CPU
		{5C27AFDD-14D8-4918-9E2E-24DB333923C1}.Debug|Any CPU.Build.0 = Debug|Any CPU
		{5C27AFDD-14D8-4918-9E2E-24DB333923C1}.Release|Any CPU.ActiveCfg = Release|Any CPU
		{5C27AFDD-14D8-4918-9E2E-24DB333923C1}.Release|Any CPU.Build.0 = Release|Any CPU
		{43488236-8119-4C40-A0C1-DE07BA43E1FF}.Debug|Any CPU.ActiveCfg = Debug|Any CPU
		{43488236-8119-4C40-A0C1-DE07BA43E1FF}.Debug|Any CPU.Build.0 = Debug|Any CPU
		{43488236-8119-4C40-A0C1-DE07BA43E1FF}.Release|Any CPU.ActiveCfg = Release|Any CPU
		{43488236-8119-4C40-A0C1-DE07BA43E1FF}.Release|Any CPU.Build.0 = Release|Any CPU
		{8FE652FF-D17E-4007-9CA3-AA08623A3B21}.Debug|Any CPU.ActiveCfg = Debug|Any CPU
		{8FE652FF-D17E-4007-9CA3-AA08623A3B21}.Debug|Any CPU.Build.0 = Debug|Any CPU
		{8FE652FF-D17E-4007-9CA3-AA08623A3B21}.Release|Any CPU.ActiveCfg = Release|Any CPU
		{8FE652FF-D17E-4007-9CA3-AA08623A3B21}.Release|Any CPU.Build.0 = Release|Any CPU
		{629C3D46-92CD-46BE-90BD-63C2714D3E72}.Debug|Any CPU.ActiveCfg = Debug|Any CPU
		{629C3D46-92CD-46BE-90BD-63C2714D3E72}.Debug|Any CPU.Build.0 = Debug|Any CPU
		{629C3D46-92CD-46BE-90BD-63C2714D3E72}.Release|Any CPU.ActiveCfg = Release|Any CPU
		{629C3D46-92CD-46BE-90BD-63C2714D3E72}.Release|Any CPU.Build.0 = Release|Any CPU
		{76D6AA0E-081E-4F06-BA08-F9CAC2C4CEF9}.Debug|Any CPU.ActiveCfg = Debug|Any CPU
		{76D6AA0E-081E-4F06-BA08-F9CAC2C4CEF9}.Debug|Any CPU.Build.0 = Debug|Any CPU
		{76D6AA0E-081E-4F06-BA08-F9CAC2C4CEF9}.Release|Any CPU.ActiveCfg = Debug|Any CPU
		{76D6AA0E-081E-4F06-BA08-F9CAC2C4CEF9}.Release|Any CPU.Build.0 = Debug|Any CPU
	EndGlobalSection
	GlobalSection(SolutionProperties) = preSolution
		HideSolutionNode = FALSE
	EndGlobalSection
	GlobalSection(ExtensibilityGlobals) = postSolution
		SolutionGuid = {6FB14201-319F-4564-B5A7-9A76FA5987F3}
	EndGlobalSection
EndGlobal
